
Microsoft Visual Studio Solution File, Format Version 12.00
# Visual Studio 15
VisualStudioVersion = 15.0.28307.421
MinimumVisualStudioVersion = 10.0.40219.1
Project("{9A19103F-16F7-4668-BE54-9A1E7A4F7556}") = "PermissionSample.Core", "PermissionSample.Core\PermissionSample.Core.csproj", "{1A175BD1-8013-47E9-A84A-43710EB411C8}"
EndProject
Project("{FAE04EC0-301F-11D3-BF4B-00C04F79EFBC}") = "XFPermissionSample.Android", "XFPermissionSample\XFPermissionSample.Android\XFPermissionSample.Android.csproj", "{BF1E1FF5-3B84-4581-A75C-93F090258154}"
EndProject
Project("{FAE04EC0-301F-11D3-BF4B-00C04F79EFBC}") = "XFPermissionSample.iOS", "XFPermissionSample\XFPermissionSample.iOS\XFPermissionSample.iOS.csproj", "{0F13315C-5EBD-4C56-A72D-2B36438E84FE}"
EndProject
Project("{9A19103F-16F7-4668-BE54-9A1E7A4F7556}") = "XFPermissionSample", "XFPermissionSample\XFPermissionSample\XFPermissionSample.csproj", "{ADC84DE8-DF82-4E9E-AD72-D8D903966D14}"
EndProject
Project("{FAE04EC0-301F-11D3-BF4B-00C04F79EFBC}") = "PermissionSample.Android", "PermissionSample.Android\PermissionSample.Android.csproj", "{3BC0AC7E-3B3B-4D3F-9CC0-B2BDECC460A6}"
EndProject
Project("{2150E333-8FDC-42A3-9474-1A3956D46DE8}") = "XamarinForms", "XamarinForms", "{27F04231-C755-4B0D-B20D-1920BC6D9138}"
EndProject
Global
	GlobalSection(SolutionConfigurationPlatforms) = preSolution
		Ad-Hoc|Any CPU = Ad-Hoc|Any CPU
		Ad-Hoc|iPhone = Ad-Hoc|iPhone
		Ad-Hoc|iPhoneSimulator = Ad-Hoc|iPhoneSimulator
		AppStore|Any CPU = AppStore|Any CPU
		AppStore|iPhone = AppStore|iPhone
		AppStore|iPhoneSimulator = AppStore|iPhoneSimulator
		Debug|Any CPU = Debug|Any CPU
		Debug|iPhone = Debug|iPhone
		Debug|iPhoneSimulator = Debug|iPhoneSimulator
		Release|Any CPU = Release|Any CPU
		Release|iPhone = Release|iPhone
		Release|iPhoneSimulator = Release|iPhoneSimulator
	EndGlobalSection
	GlobalSection(ProjectConfigurationPlatforms) = postSolution
		{1A175BD1-8013-47E9-A84A-43710EB411C8}.Ad-Hoc|Any CPU.ActiveCfg = Debug|Any CPU
		{1A175BD1-8013-47E9-A84A-43710EB411C8}.Ad-Hoc|Any CPU.Build.0 = Debug|Any CPU
		{1A175BD1-8013-47E9-A84A-43710EB411C8}.Ad-Hoc|iPhone.ActiveCfg = Debug|Any CPU
		{1A175BD1-8013-47E9-A84A-43710EB411C8}.Ad-Hoc|iPhone.Build.0 = Debug|Any CPU
		{1A175BD1-8013-47E9-A84A-43710EB411C8}.Ad-Hoc|iPhoneSimulator.ActiveCfg = Debug|Any CPU
		{1A175BD1-8013-47E9-A84A-43710EB411C8}.Ad-Hoc|iPhoneSimulator.Build.0 = Debug|Any CPU
		{1A175BD1-8013-47E9-A84A-43710EB411C8}.AppStore|Any CPU.ActiveCfg = Debug|Any CPU
		{1A175BD1-8013-47E9-A84A-43710EB411C8}.AppStore|Any CPU.Build.0 = Debug|Any CPU
		{1A175BD1-8013-47E9-A84A-43710EB411C8}.AppStore|iPhone.ActiveCfg = Debug|Any CPU
		{1A175BD1-8013-47E9-A84A-43710EB411C8}.AppStore|iPhone.Build.0 = Debug|Any CPU
		{1A175BD1-8013-47E9-A84A-43710EB411C8}.AppStore|iPhoneSimulator.ActiveCfg = Debug|Any CPU
		{1A175BD1-8013-47E9-A84A-43710EB411C8}.AppStore|iPhoneSimulator.Build.0 = Debug|Any CPU
		{1A175BD1-8013-47E9-A84A-43710EB411C8}.Debug|Any CPU.ActiveCfg = Debug|Any CPU
		{1A175BD1-8013-47E9-A84A-43710EB411C8}.Debug|Any CPU.Build.0 = Debug|Any CPU
		{1A175BD1-8013-47E9-A84A-43710EB411C8}.Debug|iPhone.ActiveCfg = Debug|Any CPU
		{1A175BD1-8013-47E9-A84A-43710EB411C8}.Debug|iPhone.Build.0 = Debug|Any CPU
		{1A175BD1-8013-47E9-A84A-43710EB411C8}.Debug|iPhoneSimulator.ActiveCfg = Debug|Any CPU
		{1A175BD1-8013-47E9-A84A-43710EB411C8}.Debug|iPhoneSimulator.Build.0 = Debug|Any CPU
		{1A175BD1-8013-47E9-A84A-43710EB411C8}.Release|Any CPU.ActiveCfg = Release|Any CPU
		{1A175BD1-8013-47E9-A84A-43710EB411C8}.Release|Any CPU.Build.0 = Release|Any CPU
		{1A175BD1-8013-47E9-A84A-43710EB411C8}.Release|iPhone.ActiveCfg = Release|Any CPU
		{1A175BD1-8013-47E9-A84A-43710EB411C8}.Release|iPhone.Build.0 = Release|Any CPU
		{1A175BD1-8013-47E9-A84A-43710EB411C8}.Release|iPhoneSimulator.ActiveCfg = Release|Any CPU
		{1A175BD1-8013-47E9-A84A-43710EB411C8}.Release|iPhoneSimulator.Build.0 = Release|Any CPU
		{BF1E1FF5-3B84-4581-A75C-93F090258154}.Ad-Hoc|Any CPU.ActiveCfg = Release|Any CPU
		{BF1E1FF5-3B84-4581-A75C-93F090258154}.Ad-Hoc|Any CPU.Build.0 = Release|Any CPU
		{BF1E1FF5-3B84-4581-A75C-93F090258154}.Ad-Hoc|Any CPU.Deploy.0 = Release|Any CPU
		{BF1E1FF5-3B84-4581-A75C-93F090258154}.Ad-Hoc|iPhone.ActiveCfg = Release|Any CPU
		{BF1E1FF5-3B84-4581-A75C-93F090258154}.Ad-Hoc|iPhone.Build.0 = Release|Any CPU
		{BF1E1FF5-3B84-4581-A75C-93F090258154}.Ad-Hoc|iPhone.Deploy.0 = Release|Any CPU
		{BF1E1FF5-3B84-4581-A75C-93F090258154}.Ad-Hoc|iPhoneSimulator.ActiveCfg = Release|Any CPU
		{BF1E1FF5-3B84-4581-A75C-93F090258154}.Ad-Hoc|iPhoneSimulator.Build.0 = Release|Any CPU
		{BF1E1FF5-3B84-4581-A75C-93F090258154}.Ad-Hoc|iPhoneSimulator.Deploy.0 = Release|Any CPU
		{BF1E1FF5-3B84-4581-A75C-93F090258154}.AppStore|Any CPU.ActiveCfg = Release|Any CPU
		{BF1E1FF5-3B84-4581-A75C-93F090258154}.AppStore|Any CPU.Build.0 = Release|Any CPU
		{BF1E1FF5-3B84-4581-A75C-93F090258154}.AppStore|Any CPU.Deploy.0 = Release|Any CPU
		{BF1E1FF5-3B84-4581-A75C-93F090258154}.AppStore|iPhone.ActiveCfg = Release|Any CPU
		{BF1E1FF5-3B84-4581-A75C-93F090258154}.AppStore|iPhone.Build.0 = Release|Any CPU
		{BF1E1FF5-3B84-4581-A75C-93F090258154}.AppStore|iPhone.Deploy.0 = Release|Any CPU
		{BF1E1FF5-3B84-4581-A75C-93F090258154}.AppStore|iPhoneSimulator.ActiveCfg = Release|Any CPU
		{BF1E1FF5-3B84-4581-A75C-93F090258154}.AppStore|iPhoneSimulator.Build.0 = Release|Any CPU
		{BF1E1FF5-3B84-4581-A75C-93F090258154}.AppStore|iPhoneSimulator.Deploy.0 = Release|Any CPU
		{BF1E1FF5-3B84-4581-A75C-93F090258154}.Debug|Any CPU.ActiveCfg = Debug|Any CPU
		{BF1E1FF5-3B84-4581-A75C-93F090258154}.Debug|Any CPU.Build.0 = Debug|Any CPU
		{BF1E1FF5-3B84-4581-A75C-93F090258154}.Debug|Any CPU.Deploy.0 = Debug|Any CPU
		{BF1E1FF5-3B84-4581-A75C-93F090258154}.Debug|iPhone.ActiveCfg = Debug|Any CPU
		{BF1E1FF5-3B84-4581-A75C-93F090258154}.Debug|iPhone.Build.0 = Debug|Any CPU
		{BF1E1FF5-3B84-4581-A75C-93F090258154}.Debug|iPhone.Deploy.0 = Debug|Any CPU
		{BF1E1FF5-3B84-4581-A75C-93F090258154}.Debug|iPhoneSimulator.ActiveCfg = Debug|Any CPU
		{BF1E1FF5-3B84-4581-A75C-93F090258154}.Debug|iPhoneSimulator.Build.0 = Debug|Any CPU
		{BF1E1FF5-3B84-4581-A75C-93F090258154}.Debug|iPhoneSimulator.Deploy.0 = Debug|Any CPU
		{BF1E1FF5-3B84-4581-A75C-93F090258154}.Release|Any CPU.ActiveCfg = Release|Any CPU
		{BF1E1FF5-3B84-4581-A75C-93F090258154}.Release|Any CPU.Build.0 = Release|Any CPU
		{BF1E1FF5-3B84-4581-A75C-93F090258154}.Release|Any CPU.Deploy.0 = Release|Any CPU
		{BF1E1FF5-3B84-4581-A75C-93F090258154}.Release|iPhone.ActiveCfg = Release|Any CPU
		{BF1E1FF5-3B84-4581-A75C-93F090258154}.Release|iPhone.Build.0 = Release|Any CPU
		{BF1E1FF5-3B84-4581-A75C-93F090258154}.Release|iPhone.Deploy.0 = Release|Any CPU
		{BF1E1FF5-3B84-4581-A75C-93F090258154}.Release|iPhoneSimulator.ActiveCfg = Release|Any CPU
		{BF1E1FF5-3B84-4581-A75C-93F090258154}.Release|iPhoneSimulator.Build.0 = Release|Any CPU
		{BF1E1FF5-3B84-4581-A75C-93F090258154}.Release|iPhoneSimulator.Deploy.0 = Release|Any CPU
		{0F13315C-5EBD-4C56-A72D-2B36438E84FE}.Ad-Hoc|Any CPU.ActiveCfg = Ad-Hoc|iPhone
		{0F13315C-5EBD-4C56-A72D-2B36438E84FE}.Ad-Hoc|iPhone.ActiveCfg = Ad-Hoc|iPhone
		{0F13315C-5EBD-4C56-A72D-2B36438E84FE}.Ad-Hoc|iPhone.Build.0 = Ad-Hoc|iPhone
		{0F13315C-5EBD-4C56-A72D-2B36438E84FE}.Ad-Hoc|iPhoneSimulator.ActiveCfg = Ad-Hoc|iPhoneSimulator
		{0F13315C-5EBD-4C56-A72D-2B36438E84FE}.Ad-Hoc|iPhoneSimulator.Build.0 = Ad-Hoc|iPhoneSimulator
		{0F13315C-5EBD-4C56-A72D-2B36438E84FE}.AppStore|Any CPU.ActiveCfg = AppStore|iPhone
		{0F13315C-5EBD-4C56-A72D-2B36438E84FE}.AppStore|iPhone.ActiveCfg = AppStore|iPhone
		{0F13315C-5EBD-4C56-A72D-2B36438E84FE}.AppStore|iPhone.Build.0 = AppStore|iPhone
		{0F13315C-5EBD-4C56-A72D-2B36438E84FE}.AppStore|iPhoneSimulator.ActiveCfg = AppStore|iPhoneSimulator
		{0F13315C-5EBD-4C56-A72D-2B36438E84FE}.AppStore|iPhoneSimulator.Build.0 = AppStore|iPhoneSimulator
		{0F13315C-5EBD-4C56-A72D-2B36438E84FE}.Debug|Any CPU.ActiveCfg = Debug|iPhone
		{0F13315C-5EBD-4C56-A72D-2B36438E84FE}.Debug|iPhone.ActiveCfg = Debug|iPhone
		{0F13315C-5EBD-4C56-A72D-2B36438E84FE}.Debug|iPhone.Build.0 = Debug|iPhone
		{0F13315C-5EBD-4C56-A72D-2B36438E84FE}.Debug|iPhoneSimulator.ActiveCfg = Debug|iPhoneSimulator
		{0F13315C-5EBD-4C56-A72D-2B36438E84FE}.Debug|iPhoneSimulator.Build.0 = Debug|iPhoneSimulator
		{0F13315C-5EBD-4C56-A72D-2B36438E84FE}.Release|Any CPU.ActiveCfg = Release|iPhone
		{0F13315C-5EBD-4C56-A72D-2B36438E84FE}.Release|iPhone.ActiveCfg = Release|iPhone
		{0F13315C-5EBD-4C56-A72D-2B36438E84FE}.Release|iPhone.Build.0 = Release|iPhone
		{0F13315C-5EBD-4C56-A72D-2B36438E84FE}.Release|iPhoneSimulator.ActiveCfg = Release|iPhoneSimulator
		{0F13315C-5EBD-4C56-A72D-2B36438E84FE}.Release|iPhoneSimulator.Build.0 = Release|iPhoneSimulator
		{ADC84DE8-DF82-4E9E-AD72-D8D903966D14}.Ad-Hoc|Any CPU.ActiveCfg = Debug|Any CPU
		{ADC84DE8-DF82-4E9E-AD72-D8D903966D14}.Ad-Hoc|Any CPU.Build.0 = Debug|Any CPU
		{ADC84DE8-DF82-4E9E-AD72-D8D903966D14}.Ad-Hoc|iPhone.ActiveCfg = Debug|Any CPU
		{ADC84DE8-DF82-4E9E-AD72-D8D903966D14}.Ad-Hoc|iPhone.Build.0 = Debug|Any CPU
		{ADC84DE8-DF82-4E9E-AD72-D8D903966D14}.Ad-Hoc|iPhoneSimulator.ActiveCfg = Debug|Any CPU
		{ADC84DE8-DF82-4E9E-AD72-D8D903966D14}.Ad-Hoc|iPhoneSimulator.Build.0 = Debug|Any CPU
		{ADC84DE8-DF82-4E9E-AD72-D8D903966D14}.AppStore|Any CPU.ActiveCfg = Debug|Any CPU
		{ADC84DE8-DF82-4E9E-AD72-D8D903966D14}.AppStore|Any CPU.Build.0 = Debug|Any CPU
		{ADC84DE8-DF82-4E9E-AD72-D8D903966D14}.AppStore|iPhone.ActiveCfg = Debug|Any CPU
		{ADC84DE8-DF82-4E9E-AD72-D8D903966D14}.AppStore|iPhone.Build.0 = Debug|Any CPU
		{ADC84DE8-DF82-4E9E-AD72-D8D903966D14}.AppStore|iPhoneSimulator.ActiveCfg = Debug|Any CPU
		{ADC84DE8-DF82-4E9E-AD72-D8D903966D14}.AppStore|iPhoneSimulator.Build.0 = Debug|Any CPU
		{ADC84DE8-DF82-4E9E-AD72-D8D903966D14}.Debug|Any CPU.ActiveCfg = Debug|Any CPU
		{ADC84DE8-DF82-4E9E-AD72-D8D903966D14}.Debug|Any CPU.Build.0 = Debug|Any CPU
		{ADC84DE8-DF82-4E9E-AD72-D8D903966D14}.Debug|iPhone.ActiveCfg = Debug|Any CPU
		{ADC84DE8-DF82-4E9E-AD72-D8D903966D14}.Debug|iPhone.Build.0 = Debug|Any CPU
		{ADC84DE8-DF82-4E9E-AD72-D8D903966D14}.Debug|iPhoneSimulator.ActiveCfg = Debug|Any CPU
		{ADC84DE8-DF82-4E9E-AD72-D8D903966D14}.Debug|iPhoneSimulator.Build.0 = Debug|Any CPU
		{ADC84DE8-DF82-4E9E-AD72-D8D903966D14}.Release|Any CPU.ActiveCfg = Release|Any CPU
		{ADC84DE8-DF82-4E9E-AD72-D8D903966D14}.Release|Any CPU.Build.0 = Release|Any CPU
		{ADC84DE8-DF82-4E9E-AD72-D8D903966D14}.Release|iPhone.ActiveCfg = Release|Any CPU
		{ADC84DE8-DF82-4E9E-AD72-D8D903966D14}.Release|iPhone.Build.0 = Release|Any CPU
		{ADC84DE8-DF82-4E9E-AD72-D8D903966D14}.Release|iPhoneSimulator.ActiveCfg = Release|Any CPU
		{ADC84DE8-DF82-4E9E-AD72-D8D903966D14}.Release|iPhoneSimulator.Build.0 = Release|Any CPU
		{3BC0AC7E-3B3B-4D3F-9CC0-B2BDECC460A6}.Ad-Hoc|Any CPU.ActiveCfg = Release|Any CPU
		{3BC0AC7E-3B3B-4D3F-9CC0-B2BDECC460A6}.Ad-Hoc|Any CPU.Build.0 = Release|Any CPU
		{3BC0AC7E-3B3B-4D3F-9CC0-B2BDECC460A6}.Ad-Hoc|Any CPU.Deploy.0 = Release|Any CPU
		{3BC0AC7E-3B3B-4D3F-9CC0-B2BDECC460A6}.Ad-Hoc|iPhone.ActiveCfg = Release|Any CPU
		{3BC0AC7E-3B3B-4D3F-9CC0-B2BDECC460A6}.Ad-Hoc|iPhone.Build.0 = Release|Any CPU
		{3BC0AC7E-3B3B-4D3F-9CC0-B2BDECC460A6}.Ad-Hoc|iPhone.Deploy.0 = Release|Any CPU
		{3BC0AC7E-3B3B-4D3F-9CC0-B2BDECC460A6}.Ad-Hoc|iPhoneSimulator.ActiveCfg = Release|Any CPU
		{3BC0AC7E-3B3B-4D3F-9CC0-B2BDECC460A6}.Ad-Hoc|iPhoneSimulator.Build.0 = Release|Any CPU
		{3BC0AC7E-3B3B-4D3F-9CC0-B2BDECC460A6}.Ad-Hoc|iPhoneSimulator.Deploy.0 = Release|Any CPU
		{3BC0AC7E-3B3B-4D3F-9CC0-B2BDECC460A6}.AppStore|Any CPU.ActiveCfg = Release|Any CPU
		{3BC0AC7E-3B3B-4D3F-9CC0-B2BDECC460A6}.AppStore|Any CPU.Build.0 = Release|Any CPU
		{3BC0AC7E-3B3B-4D3F-9CC0-B2BDECC460A6}.AppStore|Any CPU.Deploy.0 = Release|Any CPU
		{3BC0AC7E-3B3B-4D3F-9CC0-B2BDECC460A6}.AppStore|iPhone.ActiveCfg = Release|Any CPU
		{3BC0AC7E-3B3B-4D3F-9CC0-B2BDECC460A6}.AppStore|iPhone.Build.0 = Release|Any CPU
		{3BC0AC7E-3B3B-4D3F-9CC0-B2BDECC460A6}.AppStore|iPhone.Deploy.0 = Release|Any CPU
		{3BC0AC7E-3B3B-4D3F-9CC0-B2BDECC460A6}.AppStore|iPhoneSimulator.ActiveCfg = Release|Any CPU
		{3BC0AC7E-3B3B-4D3F-9CC0-B2BDECC460A6}.AppStore|iPhoneSimulator.Build.0 = Release|Any CPU
		{3BC0AC7E-3B3B-4D3F-9CC0-B2BDECC460A6}.AppStore|iPhoneSimulator.Deploy.0 = Release|Any CPU
		{3BC0AC7E-3B3B-4D3F-9CC0-B2BDECC460A6}.Debug|Any CPU.ActiveCfg = Debug|Any CPU
		{3BC0AC7E-3B3B-4D3F-9CC0-B2BDECC460A6}.Debug|Any CPU.Build.0 = Debug|Any CPU
		{3BC0AC7E-3B3B-4D3F-9CC0-B2BDECC460A6}.Debug|Any CPU.Deploy.0 = Debug|Any CPU
		{3BC0AC7E-3B3B-4D3F-9CC0-B2BDECC460A6}.Debug|iPhone.ActiveCfg = Debug|Any CPU
		{3BC0AC7E-3B3B-4D3F-9CC0-B2BDECC460A6}.Debug|iPhone.Build.0 = Debug|Any CPU
		{3BC0AC7E-3B3B-4D3F-9CC0-B2BDECC460A6}.Debug|iPhone.Deploy.0 = Debug|Any CPU
		{3BC0AC7E-3B3B-4D3F-9CC0-B2BDECC460A6}.Debug|iPhoneSimulator.ActiveCfg = Debug|Any CPU
		{3BC0AC7E-3B3B-4D3F-9CC0-B2BDECC460A6}.Debug|iPhoneSimulator.Build.0 = Debug|Any CPU
		{3BC0AC7E-3B3B-4D3F-9CC0-B2BDECC460A6}.Debug|iPhoneSimulator.Deploy.0 = Debug|Any CPU
		{3BC0AC7E-3B3B-4D3F-9CC0-B2BDECC460A6}.Release|Any CPU.ActiveCfg = Release|Any CPU
		{3BC0AC7E-3B3B-4D3F-9CC0-B2BDECC460A6}.Release|Any CPU.Build.0 = Release|Any CPU
		{3BC0AC7E-3B3B-4D3F-9CC0-B2BDECC460A6}.Release|Any CPU.Deploy.0 = Release|Any CPU
		{3BC0AC7E-3B3B-4D3F-9CC0-B2BDECC460A6}.Release|iPhone.ActiveCfg = Release|Any CPU
		{3BC0AC7E-3B3B-4D3F-9CC0-B2BDECC460A6}.Release|iPhone.Build.0 = Release|Any CPU
		{3BC0AC7E-3B3B-4D3F-9CC0-B2BDECC460A6}.Release|iPhone.Deploy.0 = Release|Any CPU
		{3BC0AC7E-3B3B-4D3F-9CC0-B2BDECC460A6}.Release|iPhoneSimulator.ActiveCfg = Release|Any CPU
		{3BC0AC7E-3B3B-4D3F-9CC0-B2BDECC460A6}.Release|iPhoneSimulator.Build.0 = Release|Any CPU
		{3BC0AC7E-3B3B-4D3F-9CC0-B2BDECC460A6}.Release|iPhoneSimulator.Deploy.0 = Release|Any CPU
	EndGlobalSection
	GlobalSection(SolutionProperties) = preSolution
		HideSolutionNode = FALSE
	EndGlobalSection
	GlobalSection(NestedProjects) = preSolution
		{BF1E1FF5-3B84-4581-A75C-93F090258154} = {27F04231-C755-4B0D-B20D-1920BC6D9138}
		{0F13315C-5EBD-4C56-A72D-2B36438E84FE} = {27F04231-C755-4B0D-B20D-1920BC6D9138}
		{ADC84DE8-DF82-4E9E-AD72-D8D903966D14} = {27F04231-C755-4B0D-B20D-1920BC6D9138}
	EndGlobalSection
	GlobalSection(ExtensibilityGlobals) = postSolution
		SolutionGuid = {A302DC37-F6AF-444B-B222-91997502A38C}
	EndGlobalSection
EndGlobal
